
Microsoft Visual Studio Solution File, Format Version 12.00
# Visual Studio Version 17
VisualStudioVersion = 17.11.35327.3
MinimumVisualStudioVersion = 10.0.40219.1
Project("{FAE04EC0-301F-11D3-BF4B-00C04F79EFBC}") = "RuinRedo", "RuinRedo\RuinRedo.csproj", "{0597522C-EC15-4AB7-8F58-B78A4F9590CB}"
EndProject
Global
	GlobalSection(SolutionConfigurationPlatforms) = preSolution
		Debug|Any CPU = Debug|Any CPU
		Release|Any CPU = Release|Any CPU
	EndGlobalSection
	GlobalSection(ProjectConfigurationPlatforms) = postSolution
		{0597522C-EC15-4AB7-8F58-B78A4F9590CB}.Debug|Any CPU.ActiveCfg = Debug|Any CPU
		{0597522C-EC15-4AB7-8F58-B78A4F9590CB}.Debug|Any CPU.Build.0 = Debug|Any CPU
		{0597522C-EC15-4AB7-8F58-B78A4F9590CB}.Release|Any CPU.ActiveCfg = Release|Any CPU
		{0597522C-EC15-4AB7-8F58-B78A4F9590CB}.Release|Any CPU.Build.0 = Release|Any CPU
	EndGlobalSection
	GlobalSection(SolutionProperties) = preSolution
		HideSolutionNode = FALSE
	EndGlobalSection
	GlobalSection(ExtensibilityGlobals) = postSolution
		SolutionGuid = {73B0D25C-54C4-43D1-8F14-C571A2879E07}
	EndGlobalSection
EndGlobal
